
Microsoft Visual Studio Solution File, Format Version 12.00
# Visual Studio 15
VisualStudioVersion = 15.0.26124.0
MinimumVisualStudioVersion = 15.0.26124.0
Project("{FAE04EC0-301F-11D3-BF4B-00C04F79EFBC}") = "SampleLibrary", "SampleLibrary\SampleLibrary.csproj", "{1C61605B-A86E-4568-AE3A-5D6B97B3AF2C}"
EndProject
Project("{FAE04EC0-301F-11D3-BF4B-00C04F79EFBC}") = "CalculatorExample", "CalculatorExample\CalculatorExample.csproj", "{1433BC20-2BAB-41D5-914D-ADD7DC9BAD29}"
EndProject
Global
	GlobalSection(SolutionConfigurationPlatforms) = preSolution
		Debug|Any CPU = Debug|Any CPU
		Debug|x64 = Debug|x64
		Debug|x86 = Debug|x86
		Release|Any CPU = Release|Any CPU
		Release|x64 = Release|x64
		Release|x86 = Release|x86
	EndGlobalSection
	GlobalSection(SolutionProperties) = preSolution
		HideSolutionNode = FALSE
	EndGlobalSection
	GlobalSection(ProjectConfigurationPlatforms) = postSolution
		{1C61605B-A86E-4568-AE3A-5D6B97B3AF2C}.Debug|Any CPU.ActiveCfg = Debug|Any CPU
		{1C61605B-A86E-4568-AE3A-5D6B97B3AF2C}.Debug|Any CPU.Build.0 = Debug|Any CPU
		{1C61605B-A86E-4568-AE3A-5D6B97B3AF2C}.Debug|x64.ActiveCfg = Debug|Any CPU
		{1C61605B-A86E-4568-AE3A-5D6B97B3AF2C}.Debug|x64.Build.0 = Debug|Any CPU
		{1C61605B-A86E-4568-AE3A-5D6B97B3AF2C}.Debug|x86.ActiveCfg = Debug|Any CPU
		{1C61605B-A86E-4568-AE3A-5D6B97B3AF2C}.Debug|x86.Build.0 = Debug|Any CPU
		{1C61605B-A86E-4568-AE3A-5D6B97B3AF2C}.Release|Any CPU.ActiveCfg = Release|Any CPU
		{1C61605B-A86E-4568-AE3A-5D6B97B3AF2C}.Release|Any CPU.Build.0 = Release|Any CPU
		{1C61605B-A86E-4568-AE3A-5D6B97B3AF2C}.Release|x64.ActiveCfg = Release|Any CPU
		{1C61605B-A86E-4568-AE3A-5D6B97B3AF2C}.Release|x64.Build.0 = Release|Any CPU
		{1C61605B-A86E-4568-AE3A-5D6B97B3AF2C}.Release|x86.ActiveCfg = Release|Any CPU
		{1C61605B-A86E-4568-AE3A-5D6B97B3AF2C}.Release|x86.Build.0 = Release|Any CPU
		{1433BC20-2BAB-41D5-914D-ADD7DC9BAD29}.Debug|Any CPU.ActiveCfg = Debug|Any CPU
		{1433BC20-2BAB-41D5-914D-ADD7DC9BAD29}.Debug|Any CPU.Build.0 = Debug|Any CPU
		{1433BC20-2BAB-41D5-914D-ADD7DC9BAD29}.Debug|x64.ActiveCfg = Debug|Any CPU
		{1433BC20-2BAB-41D5-914D-ADD7DC9BAD29}.Debug|x64.Build.0 = Debug|Any CPU
		{1433BC20-2BAB-41D5-914D-ADD7DC9BAD29}.Debug|x86.ActiveCfg = Debug|Any CPU
		{1433BC20-2BAB-41D5-914D-ADD7DC9BAD29}.Debug|x86.Build.0 = Debug|Any CPU
		{1433BC20-2BAB-41D5-914D-ADD7DC9BAD29}.Release|Any CPU.ActiveCfg = Release|Any CPU
		{1433BC20-2BAB-41D5-914D-ADD7DC9BAD29}.Release|Any CPU.Build.0 = Release|Any CPU
		{1433BC20-2BAB-41D5-914D-ADD7DC9BAD29}.Release|x64.ActiveCfg = Release|Any CPU
		{1433BC20-2BAB-41D5-914D-ADD7DC9BAD29}.Release|x64.Build.0 = Release|Any CPU
		{1433BC20-2BAB-41D5-914D-ADD7DC9BAD29}.Release|x86.ActiveCfg = Release|Any CPU
		{1433BC20-2BAB-41D5-914D-ADD7DC9BAD29}.Release|x86.Build.0 = Release|Any CPU
	EndGlobalSection
EndGlobal
